// !$*UTF8*$!
{
	archiveVersion = 1;
	classes = {
	};
	objectVersion = 47;
	objects = {

/* Begin PBXBuildFile section */
		4508718C207E59FF00EE2D31 /* AppDelegate.swift in Sources */ = {isa = PBXBuildFile; fileRef = 4508718B207E59FF00EE2D31 /* AppDelegate.swift */; };
		4508718E207E59FF00EE2D31 /* ViewController.swift in Sources */ = {isa = PBXBuildFile; fileRef = 4508718D207E59FF00EE2D31 /* ViewController.swift */; };
		45087191207E59FF00EE2D31 /* Main.storyboard in Resources */ = {isa = PBXBuildFile; fileRef = 4508718F207E59FF00EE2D31 /* Main.storyboard */; };
		45087193207E5A0100EE2D31 /* Assets.xcassets in Resources */ = {isa = PBXBuildFile; fileRef = 45087192207E5A0100EE2D31 /* Assets.xcassets */; };
		45087196207E5A0100EE2D31 /* LaunchScreen.storyboard in Resources */ = {isa = PBXBuildFile; fileRef = 45087194207E5A0100EE2D31 /* LaunchScreen.storyboard */; };
		4508719C207E5A1A00EE2D31 /* Wormholy.framework in Frameworks */ = {isa = PBXBuildFile; fileRef = 52D6D97C1BEFF229002C0205 /* Wormholy.framework */; };
		4508719E207E5C5600EE2D31 /* Utils.swift in Sources */ = {isa = PBXBuildFile; fileRef = 4508719D207E5C5600EE2D31 /* Utils.swift */; };
		450871A4207E5C7700EE2D31 /* HTTPValidation.swift in Sources */ = {isa = PBXBuildFile; fileRef = 450871A0207E5C7700EE2D31 /* HTTPValidation.swift */; };
		450871A5207E5C7700EE2D31 /* Config.swift in Sources */ = {isa = PBXBuildFile; fileRef = 450871A1207E5C7700EE2D31 /* Config.swift */; };
		450871A6207E5C7700EE2D31 /* Routing.swift in Sources */ = {isa = PBXBuildFile; fileRef = 450871A2207E5C7700EE2D31 /* Routing.swift */; };
		450871A7207E5C7700EE2D31 /* DataFetcher.swift in Sources */ = {isa = PBXBuildFile; fileRef = 450871A3207E5C7700EE2D31 /* DataFetcher.swift */; };
		451C9E552080E5E4002A34BC /* Flow.storyboard in Resources */ = {isa = PBXBuildFile; fileRef = 451C9E542080E5E4002A34BC /* Flow.storyboard */; };
		451C9E582080E607002A34BC /* WHNavigationController.swift in Sources */ = {isa = PBXBuildFile; fileRef = 451C9E572080E607002A34BC /* WHNavigationController.swift */; };
		451C9E5A2080E8D2002A34BC /* WHBaseViewController.swift in Sources */ = {isa = PBXBuildFile; fileRef = 451C9E592080E8D2002A34BC /* WHBaseViewController.swift */; };
		451C9E5E2080EFF5002A34BC /* Config.swift in Sources */ = {isa = PBXBuildFile; fileRef = 451C9E5D2080EFF5002A34BC /* Config.swift */; };
		451C9E602080F653002A34BC /* WHBundle.swift in Sources */ = {isa = PBXBuildFile; fileRef = 451C9E5F2080F653002A34BC /* WHBundle.swift */; };
		451C9E6320810472002A34BC /* RequestCell.xib in Resources */ = {isa = PBXBuildFile; fileRef = 451C9E6220810472002A34BC /* RequestCell.xib */; };
		451C9E65208106D1002A34BC /* WHLabel.swift in Sources */ = {isa = PBXBuildFile; fileRef = 451C9E64208106D1002A34BC /* WHLabel.swift */; };
		451C9E6720810B4C002A34BC /* RequestCell.swift in Sources */ = {isa = PBXBuildFile; fileRef = 451C9E6620810B4C002A34BC /* RequestCell.swift */; };
		451C9E6920810B98002A34BC /* WHCollectionView.swift in Sources */ = {isa = PBXBuildFile; fileRef = 451C9E6820810B98002A34BC /* WHCollectionView.swift */; };
		451C9E6B20810BBD002A34BC /* RequestsViewController.swift in Sources */ = {isa = PBXBuildFile; fileRef = 451C9E6A20810BBD002A34BC /* RequestsViewController.swift */; };
		452CC1322175FDB200CB5E21 /* CustomActivity.swift in Sources */ = {isa = PBXBuildFile; fileRef = 452CC1312175FDB200CB5E21 /* CustomActivity.swift */; };
		452CC13421773BF600CB5E21 /* FileHandler.swift in Sources */ = {isa = PBXBuildFile; fileRef = 452CC13321773BF600CB5E21 /* FileHandler.swift */; };
		452CC13621773DE500CB5E21 /* Assets.xcassets in Resources */ = {isa = PBXBuildFile; fileRef = 452CC13521773DE500CB5E21 /* Assets.xcassets */; };
		453A167720ED1B02001CEB9D /* WHString.swift in Sources */ = {isa = PBXBuildFile; fileRef = 453A167620ED1B02001CEB9D /* WHString.swift */; };
		454BBA382087B66200EB13E9 /* RequestModelBeautifier.swift in Sources */ = {isa = PBXBuildFile; fileRef = 454BBA372087B66200EB13E9 /* RequestModelBeautifier.swift */; };
		455818C3207D61A100D2F954 /* CustomHTTPProtocol.swift in Sources */ = {isa = PBXBuildFile; fileRef = 455818C1207D61A100D2F954 /* CustomHTTPProtocol.swift */; };
		455818C4207D61A100D2F954 /* Storage.swift in Sources */ = {isa = PBXBuildFile; fileRef = 455818C2207D61A100D2F954 /* Storage.swift */; };
		455818C9207D621200D2F954 /* RequestModel.swift in Sources */ = {isa = PBXBuildFile; fileRef = 455818C8207D621200D2F954 /* RequestModel.swift */; };
		455818D5207D64A900D2F954 /* WormholyMethodSwizzling.m in Sources */ = {isa = PBXBuildFile; fileRef = 455818CF207D64A800D2F954 /* WormholyMethodSwizzling.m */; };
		455818D6207D64A900D2F954 /* NSURLSessionConfiguration+Wormholy.m in Sources */ = {isa = PBXBuildFile; fileRef = 455818D0207D64A800D2F954 /* NSURLSessionConfiguration+Wormholy.m */; };
		455818D9207D64A900D2F954 /* NSURLSessionConfiguration+Wormholy.h in Headers */ = {isa = PBXBuildFile; fileRef = 455818D3207D64A800D2F954 /* NSURLSessionConfiguration+Wormholy.h */; settings = {ATTRIBUTES = (Public, ); }; };
		455818DA207D64A900D2F954 /* WormholyMethodSwizzling.h in Headers */ = {isa = PBXBuildFile; fileRef = 455818D4207D64A800D2F954 /* WormholyMethodSwizzling.h */; settings = {ATTRIBUTES = (Public, ); }; };
		45820CF6208170F400CA74D6 /* Colors.swift in Sources */ = {isa = PBXBuildFile; fileRef = 45820CF5208170F400CA74D6 /* Colors.swift */; };
		45868F1420F4E2B10024C77B /* BodyDetailViewController.swift in Sources */ = {isa = PBXBuildFile; fileRef = 45868F1320F4E2B10024C77B /* BodyDetailViewController.swift */; };
		45868F1B20F4E9790024C77B /* ActionableTableViewCell.swift in Sources */ = {isa = PBXBuildFile; fileRef = 45868F1920F4E9790024C77B /* ActionableTableViewCell.swift */; };
		45868F1C20F4E9790024C77B /* ActionableTableViewCell.xib in Resources */ = {isa = PBXBuildFile; fileRef = 45868F1A20F4E9790024C77B /* ActionableTableViewCell.xib */; };
		45C4F4EB20860D14007D0D17 /* WHTableView.swift in Sources */ = {isa = PBXBuildFile; fileRef = 45C4F4EA20860D14007D0D17 /* WHTableView.swift */; };
		45C4F4F020860DC0007D0D17 /* TextTableViewCell.swift in Sources */ = {isa = PBXBuildFile; fileRef = 45C4F4EE20860DC0007D0D17 /* TextTableViewCell.swift */; };
		45C4F4F120860DC0007D0D17 /* TextTableViewCell.xib in Resources */ = {isa = PBXBuildFile; fileRef = 45C4F4EF20860DC0007D0D17 /* TextTableViewCell.xib */; };
		45C4F4F320860FBC007D0D17 /* WHTextView.swift in Sources */ = {isa = PBXBuildFile; fileRef = 45C4F4F220860FBC007D0D17 /* WHTextView.swift */; };
		45C51A1820A20B38006933CE /* Wormholy.h in Headers */ = {isa = PBXBuildFile; fileRef = 45C51A1720A20B38006933CE /* Wormholy.h */; settings = {ATTRIBUTES = (Public, ); }; };
		45DB6DAF2083E738009494AE /* RequestDetailViewController.swift in Sources */ = {isa = PBXBuildFile; fileRef = 45DB6DAE2083E738009494AE /* RequestDetailViewController.swift */; };
		45FF5C4A20875EFA0084BD50 /* WHView.swift in Sources */ = {isa = PBXBuildFile; fileRef = 45FF5C4920875EFA0084BD50 /* WHView.swift */; };
		45FF5C4C20875F710084BD50 /* RequestTitleSectionView.swift in Sources */ = {isa = PBXBuildFile; fileRef = 45FF5C4B20875F710084BD50 /* RequestTitleSectionView.swift */; };
		45FF5C4E20875F770084BD50 /* RequestTitleSectionView.xib in Resources */ = {isa = PBXBuildFile; fileRef = 45FF5C4D20875F770084BD50 /* RequestTitleSectionView.xib */; };
		45FF5C5220877A950084BD50 /* Section.swift in Sources */ = {isa = PBXBuildFile; fileRef = 45FF5C5120877A950084BD50 /* Section.swift */; };
		45FF5C54208794720084BD50 /* WHDate.swift in Sources */ = {isa = PBXBuildFile; fileRef = 45FF5C53208794720084BD50 /* WHDate.swift */; };
		52D6D9871BEFF229002C0205 /* Wormholy.framework in Frameworks */ = {isa = PBXBuildFile; fileRef = 52D6D97C1BEFF229002C0205 /* Wormholy.framework */; };
		8933C7851EB5B820000D00A4 /* Wormholy.swift in Sources */ = {isa = PBXBuildFile; fileRef = 8933C7841EB5B820000D00A4 /* Wormholy.swift */; };
		8933C7901EB5B82D000D00A4 /* WormholyTests.swift in Sources */ = {isa = PBXBuildFile; fileRef = 8933C7891EB5B82A000D00A4 /* WormholyTests.swift */; };
		93A86AB12228349F006E56FB /* SwiftySelfAwareHelper.swift in Sources */ = {isa = PBXBuildFile; fileRef = 93A86AB02228349F006E56FB /* SwiftySelfAwareHelper.swift */; };
/* End PBXBuildFile section */

/* Begin PBXContainerItemProxy section */
		52D6D9881BEFF229002C0205 /* PBXContainerItemProxy */ = {
			isa = PBXContainerItemProxy;
			containerPortal = 52D6D9731BEFF229002C0205 /* Project object */;
			proxyType = 1;
			remoteGlobalIDString = 52D6D97B1BEFF229002C0205;
			remoteInfo = Wormholy;
		};
/* End PBXContainerItemProxy section */

/* Begin PBXFileReference section */
		45087189207E59FE00EE2D31 /* WormholyDemo.app */ = {isa = PBXFileReference; explicitFileType = wrapper.application; includeInIndex = 0; path = WormholyDemo.app; sourceTree = BUILT_PRODUCTS_DIR; };
		4508718B207E59FF00EE2D31 /* AppDelegate.swift */ = {isa = PBXFileReference; lastKnownFileType = sourcecode.swift; path = AppDelegate.swift; sourceTree = "<group>"; };
		4508718D207E59FF00EE2D31 /* ViewController.swift */ = {isa = PBXFileReference; lastKnownFileType = sourcecode.swift; path = ViewController.swift; sourceTree = "<group>"; };
		45087190207E59FF00EE2D31 /* Base */ = {isa = PBXFileReference; lastKnownFileType = file.storyboard; name = Base; path = Base.lproj/Main.storyboard; sourceTree = "<group>"; };
		45087192207E5A0100EE2D31 /* Assets.xcassets */ = {isa = PBXFileReference; lastKnownFileType = folder.assetcatalog; path = Assets.xcassets; sourceTree = "<group>"; };
		45087195207E5A0100EE2D31 /* Base */ = {isa = PBXFileReference; lastKnownFileType = file.storyboard; name = Base; path = Base.lproj/LaunchScreen.storyboard; sourceTree = "<group>"; };
		45087197207E5A0100EE2D31 /* Info.plist */ = {isa = PBXFileReference; lastKnownFileType = text.plist.xml; path = Info.plist; sourceTree = "<group>"; };
		4508719D207E5C5600EE2D31 /* Utils.swift */ = {isa = PBXFileReference; lastKnownFileType = sourcecode.swift; path = Utils.swift; sourceTree = "<group>"; };
		450871A0207E5C7700EE2D31 /* HTTPValidation.swift */ = {isa = PBXFileReference; fileEncoding = 4; lastKnownFileType = sourcecode.swift; path = HTTPValidation.swift; sourceTree = "<group>"; };
		450871A1207E5C7700EE2D31 /* Config.swift */ = {isa = PBXFileReference; fileEncoding = 4; lastKnownFileType = sourcecode.swift; path = Config.swift; sourceTree = "<group>"; };
		450871A2207E5C7700EE2D31 /* Routing.swift */ = {isa = PBXFileReference; fileEncoding = 4; lastKnownFileType = sourcecode.swift; path = Routing.swift; sourceTree = "<group>"; };
		450871A3207E5C7700EE2D31 /* DataFetcher.swift */ = {isa = PBXFileReference; fileEncoding = 4; lastKnownFileType = sourcecode.swift; path = DataFetcher.swift; sourceTree = "<group>"; };
		451C9E542080E5E4002A34BC /* Flow.storyboard */ = {isa = PBXFileReference; lastKnownFileType = file.storyboard; path = Flow.storyboard; sourceTree = "<group>"; };
		451C9E572080E607002A34BC /* WHNavigationController.swift */ = {isa = PBXFileReference; lastKnownFileType = sourcecode.swift; path = WHNavigationController.swift; sourceTree = "<group>"; };
		451C9E592080E8D2002A34BC /* WHBaseViewController.swift */ = {isa = PBXFileReference; lastKnownFileType = sourcecode.swift; path = WHBaseViewController.swift; sourceTree = "<group>"; };
		451C9E5D2080EFF5002A34BC /* Config.swift */ = {isa = PBXFileReference; lastKnownFileType = sourcecode.swift; path = Config.swift; sourceTree = "<group>"; };
		451C9E5F2080F653002A34BC /* WHBundle.swift */ = {isa = PBXFileReference; lastKnownFileType = sourcecode.swift; path = WHBundle.swift; sourceTree = "<group>"; };
		451C9E6220810472002A34BC /* RequestCell.xib */ = {isa = PBXFileReference; lastKnownFileType = file.xib; path = RequestCell.xib; sourceTree = "<group>"; };
		451C9E64208106D1002A34BC /* WHLabel.swift */ = {isa = PBXFileReference; lastKnownFileType = sourcecode.swift; path = WHLabel.swift; sourceTree = "<group>"; };
		451C9E6620810B4C002A34BC /* RequestCell.swift */ = {isa = PBXFileReference; lastKnownFileType = sourcecode.swift; path = RequestCell.swift; sourceTree = "<group>"; };
		451C9E6820810B98002A34BC /* WHCollectionView.swift */ = {isa = PBXFileReference; lastKnownFileType = sourcecode.swift; path = WHCollectionView.swift; sourceTree = "<group>"; };
		451C9E6A20810BBD002A34BC /* RequestsViewController.swift */ = {isa = PBXFileReference; lastKnownFileType = sourcecode.swift; path = RequestsViewController.swift; sourceTree = "<group>"; };
		452CC1312175FDB200CB5E21 /* CustomActivity.swift */ = {isa = PBXFileReference; lastKnownFileType = sourcecode.swift; path = CustomActivity.swift; sourceTree = "<group>"; };
		452CC13321773BF600CB5E21 /* FileHandler.swift */ = {isa = PBXFileReference; lastKnownFileType = sourcecode.swift; path = FileHandler.swift; sourceTree = "<group>"; };
		452CC13521773DE500CB5E21 /* Assets.xcassets */ = {isa = PBXFileReference; lastKnownFileType = folder.assetcatalog; path = Assets.xcassets; sourceTree = "<group>"; };
		453A167620ED1B02001CEB9D /* WHString.swift */ = {isa = PBXFileReference; lastKnownFileType = sourcecode.swift; path = WHString.swift; sourceTree = "<group>"; };
		454BBA372087B66200EB13E9 /* RequestModelBeautifier.swift */ = {isa = PBXFileReference; lastKnownFileType = sourcecode.swift; path = RequestModelBeautifier.swift; sourceTree = "<group>"; };
		455818C1207D61A100D2F954 /* CustomHTTPProtocol.swift */ = {isa = PBXFileReference; fileEncoding = 4; lastKnownFileType = sourcecode.swift; path = CustomHTTPProtocol.swift; sourceTree = "<group>"; };
		455818C2207D61A100D2F954 /* Storage.swift */ = {isa = PBXFileReference; fileEncoding = 4; lastKnownFileType = sourcecode.swift; path = Storage.swift; sourceTree = "<group>"; };
		455818C8207D621200D2F954 /* RequestModel.swift */ = {isa = PBXFileReference; fileEncoding = 4; lastKnownFileType = sourcecode.swift; path = RequestModel.swift; sourceTree = "<group>"; };
		455818CF207D64A800D2F954 /* WormholyMethodSwizzling.m */ = {isa = PBXFileReference; fileEncoding = 4; lastKnownFileType = sourcecode.c.objc; path = WormholyMethodSwizzling.m; sourceTree = "<group>"; };
		455818D0207D64A800D2F954 /* NSURLSessionConfiguration+Wormholy.m */ = {isa = PBXFileReference; fileEncoding = 4; lastKnownFileType = sourcecode.c.objc; path = "NSURLSessionConfiguration+Wormholy.m"; sourceTree = "<group>"; };
		455818D3207D64A800D2F954 /* NSURLSessionConfiguration+Wormholy.h */ = {isa = PBXFileReference; fileEncoding = 4; lastKnownFileType = sourcecode.c.h; path = "NSURLSessionConfiguration+Wormholy.h"; sourceTree = "<group>"; };
		455818D4207D64A800D2F954 /* WormholyMethodSwizzling.h */ = {isa = PBXFileReference; fileEncoding = 4; lastKnownFileType = sourcecode.c.h; path = WormholyMethodSwizzling.h; sourceTree = "<group>"; };
		45820CF5208170F400CA74D6 /* Colors.swift */ = {isa = PBXFileReference; lastKnownFileType = sourcecode.swift; path = Colors.swift; sourceTree = "<group>"; };
		45868F1320F4E2B10024C77B /* BodyDetailViewController.swift */ = {isa = PBXFileReference; lastKnownFileType = sourcecode.swift; path = BodyDetailViewController.swift; sourceTree = "<group>"; };
		45868F1920F4E9790024C77B /* ActionableTableViewCell.swift */ = {isa = PBXFileReference; lastKnownFileType = sourcecode.swift; path = ActionableTableViewCell.swift; sourceTree = "<group>"; };
		45868F1A20F4E9790024C77B /* ActionableTableViewCell.xib */ = {isa = PBXFileReference; lastKnownFileType = file.xib; path = ActionableTableViewCell.xib; sourceTree = "<group>"; };
		45C4F4EA20860D14007D0D17 /* WHTableView.swift */ = {isa = PBXFileReference; lastKnownFileType = sourcecode.swift; path = WHTableView.swift; sourceTree = "<group>"; };
		45C4F4EE20860DC0007D0D17 /* TextTableViewCell.swift */ = {isa = PBXFileReference; lastKnownFileType = sourcecode.swift; path = TextTableViewCell.swift; sourceTree = "<group>"; };
		45C4F4EF20860DC0007D0D17 /* TextTableViewCell.xib */ = {isa = PBXFileReference; lastKnownFileType = file.xib; path = TextTableViewCell.xib; sourceTree = "<group>"; };
		45C4F4F220860FBC007D0D17 /* WHTextView.swift */ = {isa = PBXFileReference; lastKnownFileType = sourcecode.swift; path = WHTextView.swift; sourceTree = "<group>"; };
		45C51A1620A1FDBC006933CE /* module.modulemap */ = {isa = PBXFileReference; lastKnownFileType = "sourcecode.module-map"; path = module.modulemap; sourceTree = "<group>"; };
		45C51A1720A20B38006933CE /* Wormholy.h */ = {isa = PBXFileReference; lastKnownFileType = sourcecode.c.h; path = Wormholy.h; sourceTree = "<group>"; };
		45DB6DAE2083E738009494AE /* RequestDetailViewController.swift */ = {isa = PBXFileReference; lastKnownFileType = sourcecode.swift; path = RequestDetailViewController.swift; sourceTree = "<group>"; };
		45FF5C4920875EFA0084BD50 /* WHView.swift */ = {isa = PBXFileReference; lastKnownFileType = sourcecode.swift; path = WHView.swift; sourceTree = "<group>"; };
		45FF5C4B20875F710084BD50 /* RequestTitleSectionView.swift */ = {isa = PBXFileReference; lastKnownFileType = sourcecode.swift; path = RequestTitleSectionView.swift; sourceTree = "<group>"; };
		45FF5C4D20875F770084BD50 /* RequestTitleSectionView.xib */ = {isa = PBXFileReference; lastKnownFileType = file.xib; path = RequestTitleSectionView.xib; sourceTree = "<group>"; };
		45FF5C5120877A950084BD50 /* Section.swift */ = {isa = PBXFileReference; lastKnownFileType = sourcecode.swift; path = Section.swift; sourceTree = "<group>"; };
		45FF5C53208794720084BD50 /* WHDate.swift */ = {isa = PBXFileReference; lastKnownFileType = sourcecode.swift; path = WHDate.swift; sourceTree = "<group>"; };
		52D6D97C1BEFF229002C0205 /* Wormholy.framework */ = {isa = PBXFileReference; explicitFileType = wrapper.framework; includeInIndex = 0; path = Wormholy.framework; sourceTree = BUILT_PRODUCTS_DIR; };
		52D6D9861BEFF229002C0205 /* Wormholy-iOS Tests.xctest */ = {isa = PBXFileReference; explicitFileType = wrapper.cfbundle; includeInIndex = 0; path = "Wormholy-iOS Tests.xctest"; sourceTree = BUILT_PRODUCTS_DIR; };
		8933C7841EB5B820000D00A4 /* Wormholy.swift */ = {isa = PBXFileReference; fileEncoding = 4; lastKnownFileType = sourcecode.swift; path = Wormholy.swift; sourceTree = "<group>"; };
		8933C7891EB5B82A000D00A4 /* WormholyTests.swift */ = {isa = PBXFileReference; fileEncoding = 4; lastKnownFileType = sourcecode.swift; path = WormholyTests.swift; sourceTree = "<group>"; };
		93A86AB02228349F006E56FB /* SwiftySelfAwareHelper.swift */ = {isa = PBXFileReference; lastKnownFileType = sourcecode.swift; path = SwiftySelfAwareHelper.swift; sourceTree = "<group>"; };
		AD2FAA261CD0B6D800659CF4 /* Wormholy.plist */ = {isa = PBXFileReference; fileEncoding = 4; lastKnownFileType = text.plist.xml; path = Wormholy.plist; sourceTree = "<group>"; };
		AD2FAA281CD0B6E100659CF4 /* WormholyTests.plist */ = {isa = PBXFileReference; fileEncoding = 4; lastKnownFileType = text.plist.xml; path = WormholyTests.plist; sourceTree = "<group>"; };
/* End PBXFileReference section */

/* Begin PBXFrameworksBuildPhase section */
		45087186207E59FE00EE2D31 /* Frameworks */ = {
			isa = PBXFrameworksBuildPhase;
			buildActionMask = 2147483647;
			files = (
				4508719C207E5A1A00EE2D31 /* Wormholy.framework in Frameworks */,
			);
			runOnlyForDeploymentPostprocessing = 0;
		};
		52D6D9781BEFF229002C0205 /* Frameworks */ = {
			isa = PBXFrameworksBuildPhase;
			buildActionMask = 2147483647;
			files = (
			);
			runOnlyForDeploymentPostprocessing = 0;
		};
		52D6D9831BEFF229002C0205 /* Frameworks */ = {
			isa = PBXFrameworksBuildPhase;
			buildActionMask = 2147483647;
			files = (
				52D6D9871BEFF229002C0205 /* Wormholy.framework in Frameworks */,
			);
			runOnlyForDeploymentPostprocessing = 0;
		};
/* End PBXFrameworksBuildPhase section */

/* Begin PBXGroup section */
		4508718A207E59FF00EE2D31 /* WormholyDemo */ = {
			isa = PBXGroup;
			children = (
				4508718B207E59FF00EE2D31 /* AppDelegate.swift */,
				4508718D207E59FF00EE2D31 /* ViewController.swift */,
				4508719D207E5C5600EE2D31 /* Utils.swift */,
				4508719F207E5C6B00EE2D31 /* Networking */,
				4508718F207E59FF00EE2D31 /* Main.storyboard */,
				45087192207E5A0100EE2D31 /* Assets.xcassets */,
				45087194207E5A0100EE2D31 /* LaunchScreen.storyboard */,
				45087197207E5A0100EE2D31 /* Info.plist */,
			);
			path = WormholyDemo;
			sourceTree = "<group>";
		};
		4508719B207E5A1A00EE2D31 /* Frameworks */ = {
			isa = PBXGroup;
			children = (
			);
			name = Frameworks;
			sourceTree = "<group>";
		};
		4508719F207E5C6B00EE2D31 /* Networking */ = {
			isa = PBXGroup;
			children = (
				450871A1207E5C7700EE2D31 /* Config.swift */,
				450871A3207E5C7700EE2D31 /* DataFetcher.swift */,
				450871A0207E5C7700EE2D31 /* HTTPValidation.swift */,
				450871A2207E5C7700EE2D31 /* Routing.swift */,
			);
			path = Networking;
			sourceTree = "<group>";
		};
		451C9E532080E592002A34BC /* UI */ = {
			isa = PBXGroup;
			children = (
				451C9E542080E5E4002A34BC /* Flow.storyboard */,
				451C9E6A20810BBD002A34BC /* RequestsViewController.swift */,
				45DB6DAE2083E738009494AE /* RequestDetailViewController.swift */,
				45868F1320F4E2B10024C77B /* BodyDetailViewController.swift */,
				45FF5C4820875ED90084BD50 /* Sections */,
				451C9E612081045E002A34BC /* Cells */,
			);
			path = UI;
			sourceTree = "<group>";
		};
		451C9E562080E5F0002A34BC /* Subclasses */ = {
			isa = PBXGroup;
			children = (
				451C9E572080E607002A34BC /* WHNavigationController.swift */,
				451C9E592080E8D2002A34BC /* WHBaseViewController.swift */,
				45FF5C4920875EFA0084BD50 /* WHView.swift */,
				451C9E64208106D1002A34BC /* WHLabel.swift */,
				45C4F4F220860FBC007D0D17 /* WHTextView.swift */,
				451C9E6820810B98002A34BC /* WHCollectionView.swift */,
				45C4F4EA20860D14007D0D17 /* WHTableView.swift */,
				451C9E5F2080F653002A34BC /* WHBundle.swift */,
				45FF5C53208794720084BD50 /* WHDate.swift */,
				453A167620ED1B02001CEB9D /* WHString.swift */,
				452CC1312175FDB200CB5E21 /* CustomActivity.swift */,
			);
			path = Subclasses;
			sourceTree = "<group>";
		};
		451C9E5C2080EFC4002A34BC /* Support Files */ = {
			isa = PBXGroup;
			children = (
				451C9E5D2080EFF5002A34BC /* Config.swift */,
				45820CF5208170F400CA74D6 /* Colors.swift */,
				452CC13521773DE500CB5E21 /* Assets.xcassets */,
			);
			path = "Support Files";
			sourceTree = "<group>";
		};
		451C9E612081045E002A34BC /* Cells */ = {
			isa = PBXGroup;
			children = (
				451C9E6620810B4C002A34BC /* RequestCell.swift */,
				451C9E6220810472002A34BC /* RequestCell.xib */,
				45C4F4EE20860DC0007D0D17 /* TextTableViewCell.swift */,
				45C4F4EF20860DC0007D0D17 /* TextTableViewCell.xib */,
				45868F1920F4E9790024C77B /* ActionableTableViewCell.swift */,
				45868F1A20F4E9790024C77B /* ActionableTableViewCell.xib */,
			);
			path = Cells;
			sourceTree = "<group>";
		};
		454BBA362087B64E00EB13E9 /* Utils */ = {
			isa = PBXGroup;
			children = (
				454BBA372087B66200EB13E9 /* RequestModelBeautifier.swift */,
				452CC13321773BF600CB5E21 /* FileHandler.swift */,
				93A86AB02228349F006E56FB /* SwiftySelfAwareHelper.swift */,
			);
			path = Utils;
			sourceTree = "<group>";
		};
		455818C7207D620900D2F954 /* Models */ = {
			isa = PBXGroup;
			children = (
				455818C8207D621200D2F954 /* RequestModel.swift */,
				45FF5C5120877A950084BD50 /* Section.swift */,
			);
			path = Models;
			sourceTree = "<group>";
		};
		455818CA207D647900D2F954 /* Objc */ = {
			isa = PBXGroup;
			children = (
				455818D3207D64A800D2F954 /* NSURLSessionConfiguration+Wormholy.h */,
				455818D0207D64A800D2F954 /* NSURLSessionConfiguration+Wormholy.m */,
				455818D4207D64A800D2F954 /* WormholyMethodSwizzling.h */,
				455818CF207D64A800D2F954 /* WormholyMethodSwizzling.m */,
			);
			path = Objc;
			sourceTree = "<group>";
		};
		45FF5C4820875ED90084BD50 /* Sections */ = {
			isa = PBXGroup;
			children = (
				45FF5C4B20875F710084BD50 /* RequestTitleSectionView.swift */,
				45FF5C4D20875F770084BD50 /* RequestTitleSectionView.xib */,
			);
			path = Sections;
			sourceTree = "<group>";
		};
		52D6D9721BEFF229002C0205 = {
			isa = PBXGroup;
			children = (
				8933C7811EB5B7E0000D00A4 /* Sources */,
				8933C7831EB5B7EB000D00A4 /* Tests */,
				52D6D99C1BEFF38C002C0205 /* Configs */,
				4508718A207E59FF00EE2D31 /* WormholyDemo */,
				52D6D97D1BEFF229002C0205 /* Products */,
				4508719B207E5A1A00EE2D31 /* Frameworks */,
			);
			sourceTree = "<group>";
		};
		52D6D97D1BEFF229002C0205 /* Products */ = {
			isa = PBXGroup;
			children = (
				52D6D97C1BEFF229002C0205 /* Wormholy.framework */,
				52D6D9861BEFF229002C0205 /* Wormholy-iOS Tests.xctest */,
				45087189207E59FE00EE2D31 /* WormholyDemo.app */,
			);
			name = Products;
			sourceTree = "<group>";
		};
		52D6D99C1BEFF38C002C0205 /* Configs */ = {
			isa = PBXGroup;
			children = (
				DD7502721C68FC1B006590AF /* Frameworks */,
				DD7502731C68FC20006590AF /* Tests */,
			);
			path = Configs;
			sourceTree = "<group>";
		};
		8933C7811EB5B7E0000D00A4 /* Sources */ = {
			isa = PBXGroup;
			children = (
				8933C7841EB5B820000D00A4 /* Wormholy.swift */,
				455818C1207D61A100D2F954 /* CustomHTTPProtocol.swift */,
				455818C2207D61A100D2F954 /* Storage.swift */,
				45C51A1620A1FDBC006933CE /* module.modulemap */,
				45C51A1720A20B38006933CE /* Wormholy.h */,
				451C9E532080E592002A34BC /* UI */,
				451C9E562080E5F0002A34BC /* Subclasses */,
				455818CA207D647900D2F954 /* Objc */,
				455818C7207D620900D2F954 /* Models */,
				454BBA362087B64E00EB13E9 /* Utils */,
				451C9E5C2080EFC4002A34BC /* Support Files */,
			);
			path = Sources;
			sourceTree = "<group>";
		};
		8933C7831EB5B7EB000D00A4 /* Tests */ = {
			isa = PBXGroup;
			children = (
				8933C7891EB5B82A000D00A4 /* WormholyTests.swift */,
			);
			name = Tests;
			path = Tests/WormholyTests;
			sourceTree = "<group>";
		};
		DD7502721C68FC1B006590AF /* Frameworks */ = {
			isa = PBXGroup;
			children = (
				AD2FAA261CD0B6D800659CF4 /* Wormholy.plist */,
			);
			name = Frameworks;
			sourceTree = "<group>";
		};
		DD7502731C68FC20006590AF /* Tests */ = {
			isa = PBXGroup;
			children = (
				AD2FAA281CD0B6E100659CF4 /* WormholyTests.plist */,
			);
			name = Tests;
			sourceTree = "<group>";
		};
/* End PBXGroup section */

/* Begin PBXHeadersBuildPhase section */
		52D6D9791BEFF229002C0205 /* Headers */ = {
			isa = PBXHeadersBuildPhase;
			buildActionMask = 2147483647;
			files = (
				45C51A1820A20B38006933CE /* Wormholy.h in Headers */,
				455818DA207D64A900D2F954 /* WormholyMethodSwizzling.h in Headers */,
				455818D9207D64A900D2F954 /* NSURLSessionConfiguration+Wormholy.h in Headers */,
			);
			runOnlyForDeploymentPostprocessing = 0;
		};
/* End PBXHeadersBuildPhase section */

/* Begin PBXNativeTarget section */
		45087188207E59FE00EE2D31 /* WormholyDemo */ = {
			isa = PBXNativeTarget;
			buildConfigurationList = 4508719A207E5A0100EE2D31 /* Build configuration list for PBXNativeTarget "WormholyDemo" */;
			buildPhases = (
				45087185207E59FE00EE2D31 /* Sources */,
				45087186207E59FE00EE2D31 /* Frameworks */,
				45087187207E59FE00EE2D31 /* Resources */,
			);
			buildRules = (
			);
			dependencies = (
			);
			name = WormholyDemo;
			productName = WormholyDemo;
			productReference = 45087189207E59FE00EE2D31 /* WormholyDemo.app */;
			productType = "com.apple.product-type.application";
		};
		52D6D97B1BEFF229002C0205 /* Wormholy-iOS */ = {
			isa = PBXNativeTarget;
			buildConfigurationList = 52D6D9901BEFF229002C0205 /* Build configuration list for PBXNativeTarget "Wormholy-iOS" */;
			buildPhases = (
				52D6D9771BEFF229002C0205 /* Sources */,
				52D6D9791BEFF229002C0205 /* Headers */,
				52D6D9781BEFF229002C0205 /* Frameworks */,
				52D6D97A1BEFF229002C0205 /* Resources */,
			);
			buildRules = (
			);
			dependencies = (
			);
			name = "Wormholy-iOS";
			productName = Wormholy;
			productReference = 52D6D97C1BEFF229002C0205 /* Wormholy.framework */;
			productType = "com.apple.product-type.framework";
		};
		52D6D9851BEFF229002C0205 /* Wormholy-iOS Tests */ = {
			isa = PBXNativeTarget;
			buildConfigurationList = 52D6D9931BEFF229002C0205 /* Build configuration list for PBXNativeTarget "Wormholy-iOS Tests" */;
			buildPhases = (
				52D6D9821BEFF229002C0205 /* Sources */,
				52D6D9831BEFF229002C0205 /* Frameworks */,
				52D6D9841BEFF229002C0205 /* Resources */,
			);
			buildRules = (
			);
			dependencies = (
				52D6D9891BEFF229002C0205 /* PBXTargetDependency */,
			);
			name = "Wormholy-iOS Tests";
			productName = WormholyTests;
			productReference = 52D6D9861BEFF229002C0205 /* Wormholy-iOS Tests.xctest */;
			productType = "com.apple.product-type.bundle.unit-test";
		};
/* End PBXNativeTarget section */

/* Begin PBXProject section */
		52D6D9731BEFF229002C0205 /* Project object */ = {
			isa = PBXProject;
			attributes = {
				LastSwiftUpdateCheck = 0930;
				LastUpgradeCheck = 1020;
				ORGANIZATIONNAME = Wormholy;
				TargetAttributes = {
					45087188207E59FE00EE2D31 = {
						CreatedOnToolsVersion = 9.3;
						LastSwiftMigration = 1000;
						ProvisioningStyle = Manual;
					};
					52D6D97B1BEFF229002C0205 = {
						CreatedOnToolsVersion = 7.1;
						LastSwiftMigration = 1000;
						ProvisioningStyle = Manual;
					};
					52D6D9851BEFF229002C0205 = {
						CreatedOnToolsVersion = 7.1;
						LastSwiftMigration = 1000;
					};
				};
			};
			buildConfigurationList = 52D6D9761BEFF229002C0205 /* Build configuration list for PBXProject "Wormholy" */;
			compatibilityVersion = "Xcode 6.3";
			developmentRegion = en;
			hasScannedForEncodings = 0;
			knownRegions = (
				en,
				Base,
			);
			mainGroup = 52D6D9721BEFF229002C0205;
			productRefGroup = 52D6D97D1BEFF229002C0205 /* Products */;
			projectDirPath = "";
			projectRoot = "";
			targets = (
				52D6D97B1BEFF229002C0205 /* Wormholy-iOS */,
				52D6D9851BEFF229002C0205 /* Wormholy-iOS Tests */,
				45087188207E59FE00EE2D31 /* WormholyDemo */,
			);
		};
/* End PBXProject section */

/* Begin PBXResourcesBuildPhase section */
		45087187207E59FE00EE2D31 /* Resources */ = {
			isa = PBXResourcesBuildPhase;
			buildActionMask = 2147483647;
			files = (
				45087196207E5A0100EE2D31 /* LaunchScreen.storyboard in Resources */,
				45087193207E5A0100EE2D31 /* Assets.xcassets in Resources */,
				45087191207E59FF00EE2D31 /* Main.storyboard in Resources */,
			);
			runOnlyForDeploymentPostprocessing = 0;
		};
		52D6D97A1BEFF229002C0205 /* Resources */ = {
			isa = PBXResourcesBuildPhase;
			buildActionMask = 2147483647;
			files = (
				45FF5C4E20875F770084BD50 /* RequestTitleSectionView.xib in Resources */,
				452CC13621773DE500CB5E21 /* Assets.xcassets in Resources */,
				451C9E552080E5E4002A34BC /* Flow.storyboard in Resources */,
				451C9E6320810472002A34BC /* RequestCell.xib in Resources */,
				45C4F4F120860DC0007D0D17 /* TextTableViewCell.xib in Resources */,
				45868F1C20F4E9790024C77B /* ActionableTableViewCell.xib in Resources */,
			);
			runOnlyForDeploymentPostprocessing = 0;
		};
		52D6D9841BEFF229002C0205 /* Resources */ = {
			isa = PBXResourcesBuildPhase;
			buildActionMask = 2147483647;
			files = (
			);
			runOnlyForDeploymentPostprocessing = 0;
		};
/* End PBXResourcesBuildPhase section */

/* Begin PBXSourcesBuildPhase section */
		45087185207E59FE00EE2D31 /* Sources */ = {
			isa = PBXSourcesBuildPhase;
			buildActionMask = 2147483647;
			files = (
				4508718E207E59FF00EE2D31 /* ViewController.swift in Sources */,
				450871A7207E5C7700EE2D31 /* DataFetcher.swift in Sources */,
				4508718C207E59FF00EE2D31 /* AppDelegate.swift in Sources */,
				450871A6207E5C7700EE2D31 /* Routing.swift in Sources */,
				450871A5207E5C7700EE2D31 /* Config.swift in Sources */,
				450871A4207E5C7700EE2D31 /* HTTPValidation.swift in Sources */,
				4508719E207E5C5600EE2D31 /* Utils.swift in Sources */,
			);
			runOnlyForDeploymentPostprocessing = 0;
		};
		52D6D9771BEFF229002C0205 /* Sources */ = {
			isa = PBXSourcesBuildPhase;
			buildActionMask = 2147483647;
			files = (
				455818C3207D61A100D2F954 /* CustomHTTPProtocol.swift in Sources */,
				45C4F4F020860DC0007D0D17 /* TextTableViewCell.swift in Sources */,
				451C9E582080E607002A34BC /* WHNavigationController.swift in Sources */,
				455818D6207D64A900D2F954 /* NSURLSessionConfiguration+Wormholy.m in Sources */,
				8933C7851EB5B820000D00A4 /* Wormholy.swift in Sources */,
				93A86AB12228349F006E56FB /* SwiftySelfAwareHelper.swift in Sources */,
				455818C4207D61A100D2F954 /* Storage.swift in Sources */,
				45FF5C4C20875F710084BD50 /* RequestTitleSectionView.swift in Sources */,
				45DB6DAF2083E738009494AE /* RequestDetailViewController.swift in Sources */,
				451C9E5A2080E8D2002A34BC /* WHBaseViewController.swift in Sources */,
				45FF5C4A20875EFA0084BD50 /* WHView.swift in Sources */,
				45868F1B20F4E9790024C77B /* ActionableTableViewCell.swift in Sources */,
				455818C9207D621200D2F954 /* RequestModel.swift in Sources */,
				45C4F4EB20860D14007D0D17 /* WHTableView.swift in Sources */,
				451C9E602080F653002A34BC /* WHBundle.swift in Sources */,
				452CC13421773BF600CB5E21 /* FileHandler.swift in Sources */,
				451C9E5E2080EFF5002A34BC /* Config.swift in Sources */,
				45820CF6208170F400CA74D6 /* Colors.swift in Sources */,
				453A167720ED1B02001CEB9D /* WHString.swift in Sources */,
				452CC1322175FDB200CB5E21 /* CustomActivity.swift in Sources */,
				45868F1420F4E2B10024C77B /* BodyDetailViewController.swift in Sources */,
				45FF5C5220877A950084BD50 /* Section.swift in Sources */,
				451C9E6920810B98002A34BC /* WHCollectionView.swift in Sources */,
				45C4F4F320860FBC007D0D17 /* WHTextView.swift in Sources */,
				451C9E6B20810BBD002A34BC /* RequestsViewController.swift in Sources */,
				455818D5207D64A900D2F954 /* WormholyMethodSwizzling.m in Sources */,
				45FF5C54208794720084BD50 /* WHDate.swift in Sources */,
				454BBA382087B66200EB13E9 /* RequestModelBeautifier.swift in Sources */,
				451C9E65208106D1002A34BC /* WHLabel.swift in Sources */,
				451C9E6720810B4C002A34BC /* RequestCell.swift in Sources */,
			);
			runOnlyForDeploymentPostprocessing = 0;
		};
		52D6D9821BEFF229002C0205 /* Sources */ = {
			isa = PBXSourcesBuildPhase;
			buildActionMask = 2147483647;
			files = (
				8933C7901EB5B82D000D00A4 /* WormholyTests.swift in Sources */,
			);
			runOnlyForDeploymentPostprocessing = 0;
		};
/* End PBXSourcesBuildPhase section */

/* Begin PBXTargetDependency section */
		52D6D9891BEFF229002C0205 /* PBXTargetDependency */ = {
			isa = PBXTargetDependency;
			target = 52D6D97B1BEFF229002C0205 /* Wormholy-iOS */;
			targetProxy = 52D6D9881BEFF229002C0205 /* PBXContainerItemProxy */;
		};
/* End PBXTargetDependency section */

/* Begin PBXVariantGroup section */
		4508718F207E59FF00EE2D31 /* Main.storyboard */ = {
			isa = PBXVariantGroup;
			children = (
				45087190207E59FF00EE2D31 /* Base */,
			);
			name = Main.storyboard;
			sourceTree = "<group>";
		};
		45087194207E5A0100EE2D31 /* LaunchScreen.storyboard */ = {
			isa = PBXVariantGroup;
			children = (
				45087195207E5A0100EE2D31 /* Base */,
			);
			name = LaunchScreen.storyboard;
			sourceTree = "<group>";
		};
/* End PBXVariantGroup section */

/* Begin XCBuildConfiguration section */
		45087198207E5A0100EE2D31 /* Debug */ = {
			isa = XCBuildConfiguration;
			buildSettings = {
				ASSETCATALOG_COMPILER_APPICON_NAME = AppIcon;
				CLANG_ALLOW_NON_MODULAR_INCLUDES_IN_FRAMEWORK_MODULES = NO;
				CLANG_ANALYZER_NONNULL = YES;
				CLANG_ANALYZER_NUMBER_OBJECT_CONVERSION = YES_AGGRESSIVE;
				CLANG_CXX_LANGUAGE_STANDARD = "gnu++14";
				CLANG_ENABLE_OBJC_WEAK = YES;
				CLANG_WARN_DOCUMENTATION_COMMENTS = YES;
				CLANG_WARN_UNGUARDED_AVAILABILITY = YES_AGGRESSIVE;
				CODE_SIGN_IDENTITY = "iPhone Developer";
				CODE_SIGN_STYLE = Manual;
				DEVELOPMENT_TEAM = "";
				GCC_C_LANGUAGE_STANDARD = gnu11;
				INFOPLIST_FILE = WormholyDemo/Info.plist;
				IPHONEOS_DEPLOYMENT_TARGET = 9.0;
				LD_RUNPATH_SEARCH_PATHS = "$(inherited) @executable_path/Frameworks";
				PRODUCT_BUNDLE_IDENTIFIER = com.codeido.Wormholy.WormholyDemo;
				PRODUCT_NAME = "$(TARGET_NAME)";
				PROVISIONING_PROFILE_SPECIFIER = "";
				SWIFT_ACTIVE_COMPILATION_CONDITIONS = DEBUG;
				SWIFT_VERSION = 5.0;
				TARGETED_DEVICE_FAMILY = "1,2";
			};
			name = Debug;
		};
		45087199207E5A0100EE2D31 /* Release */ = {
			isa = XCBuildConfiguration;
			buildSettings = {
				ASSETCATALOG_COMPILER_APPICON_NAME = AppIcon;
				CLANG_ALLOW_NON_MODULAR_INCLUDES_IN_FRAMEWORK_MODULES = NO;
				CLANG_ANALYZER_NONNULL = YES;
				CLANG_ANALYZER_NUMBER_OBJECT_CONVERSION = YES_AGGRESSIVE;
				CLANG_CXX_LANGUAGE_STANDARD = "gnu++14";
				CLANG_ENABLE_OBJC_WEAK = YES;
				CLANG_WARN_DOCUMENTATION_COMMENTS = YES;
				CLANG_WARN_UNGUARDED_AVAILABILITY = YES_AGGRESSIVE;
				CODE_SIGN_IDENTITY = "iPhone Developer";
				CODE_SIGN_STYLE = Manual;
				DEVELOPMENT_TEAM = "";
				GCC_C_LANGUAGE_STANDARD = gnu11;
				INFOPLIST_FILE = WormholyDemo/Info.plist;
				IPHONEOS_DEPLOYMENT_TARGET = 9.0;
				LD_RUNPATH_SEARCH_PATHS = "$(inherited) @executable_path/Frameworks";
				PRODUCT_BUNDLE_IDENTIFIER = com.codeido.Wormholy.WormholyDemo;
				PRODUCT_NAME = "$(TARGET_NAME)";
				PROVISIONING_PROFILE_SPECIFIER = "";
				SWIFT_OPTIMIZATION_LEVEL = "-Owholemodule";
				SWIFT_VERSION = 5.0;
				TARGETED_DEVICE_FAMILY = "1,2";
			};
			name = Release;
		};
		52D6D98E1BEFF229002C0205 /* Debug */ = {
			isa = XCBuildConfiguration;
			buildSettings = {
				ALWAYS_SEARCH_USER_PATHS = NO;
				CLANG_ANALYZER_LOCALIZABILITY_NONLOCALIZED = YES;
				CLANG_CXX_LANGUAGE_STANDARD = "gnu++0x";
				CLANG_CXX_LIBRARY = "libc++";
				CLANG_ENABLE_MODULES = YES;
				CLANG_ENABLE_OBJC_ARC = YES;
				CLANG_WARN_BLOCK_CAPTURE_AUTORELEASING = YES;
				CLANG_WARN_BOOL_CONVERSION = YES;
				CLANG_WARN_COMMA = YES;
				CLANG_WARN_CONSTANT_CONVERSION = YES;
				CLANG_WARN_DEPRECATED_OBJC_IMPLEMENTATIONS = YES;
				CLANG_WARN_DIRECT_OBJC_ISA_USAGE = YES_ERROR;
				CLANG_WARN_EMPTY_BODY = YES;
				CLANG_WARN_ENUM_CONVERSION = YES;
				CLANG_WARN_INFINITE_RECURSION = YES;
				CLANG_WARN_INT_CONVERSION = YES;
				CLANG_WARN_NON_LITERAL_NULL_CONVERSION = YES;
				CLANG_WARN_OBJC_IMPLICIT_RETAIN_SELF = YES;
				CLANG_WARN_OBJC_LITERAL_CONVERSION = YES;
				CLANG_WARN_OBJC_ROOT_CLASS = YES_ERROR;
				CLANG_WARN_RANGE_LOOP_ANALYSIS = YES;
				CLANG_WARN_STRICT_PROTOTYPES = YES;
				CLANG_WARN_SUSPICIOUS_MOVE = YES;
				CLANG_WARN_UNREACHABLE_CODE = YES;
				CLANG_WARN__DUPLICATE_METHOD_MATCH = YES;
				"CODE_SIGN_IDENTITY[sdk=iphoneos*]" = "iPhone Developer";
				COPY_PHASE_STRIP = NO;
				CURRENT_PROJECT_VERSION = 1;
				DEBUG_INFORMATION_FORMAT = dwarf;
				ENABLE_STRICT_OBJC_MSGSEND = YES;
				ENABLE_TESTABILITY = YES;
				GCC_C_LANGUAGE_STANDARD = gnu99;
				GCC_DYNAMIC_NO_PIC = NO;
				GCC_NO_COMMON_BLOCKS = YES;
				GCC_OPTIMIZATION_LEVEL = 0;
				GCC_PREPROCESSOR_DEFINITIONS = (
					"DEBUG=1",
					"$(inherited)",
				);
				GCC_WARN_64_TO_32_BIT_CONVERSION = YES;
				GCC_WARN_ABOUT_RETURN_TYPE = YES_ERROR;
				GCC_WARN_UNDECLARED_SELECTOR = YES;
				GCC_WARN_UNINITIALIZED_AUTOS = YES_AGGRESSIVE;
				GCC_WARN_UNUSED_FUNCTION = YES;
				GCC_WARN_UNUSED_VARIABLE = YES;
				IPHONEOS_DEPLOYMENT_TARGET = 9.0;
				MTL_ENABLE_DEBUG_INFO = YES;
				ONLY_ACTIVE_ARCH = YES;
				SDKROOT = iphoneos;
				SWIFT_OPTIMIZATION_LEVEL = "-Onone";
				SWIFT_VERSION = 5.0;
				TARGETED_DEVICE_FAMILY = "1,2";
				VERSIONING_SYSTEM = "apple-generic";
				VERSION_INFO_PREFIX = "";
			};
			name = Debug;
		};
		52D6D98F1BEFF229002C0205 /* Release */ = {
			isa = XCBuildConfiguration;
			buildSettings = {
				ALWAYS_SEARCH_USER_PATHS = NO;
				CLANG_ANALYZER_LOCALIZABILITY_NONLOCALIZED = YES;
				CLANG_CXX_LANGUAGE_STANDARD = "gnu++0x";
				CLANG_CXX_LIBRARY = "libc++";
				CLANG_ENABLE_MODULES = YES;
				CLANG_ENABLE_OBJC_ARC = YES;
				CLANG_WARN_BLOCK_CAPTURE_AUTORELEASING = YES;
				CLANG_WARN_BOOL_CONVERSION = YES;
				CLANG_WARN_COMMA = YES;
				CLANG_WARN_CONSTANT_CONVERSION = YES;
				CLANG_WARN_DEPRECATED_OBJC_IMPLEMENTATIONS = YES;
				CLANG_WARN_DIRECT_OBJC_ISA_USAGE = YES_ERROR;
				CLANG_WARN_EMPTY_BODY = YES;
				CLANG_WARN_ENUM_CONVERSION = YES;
				CLANG_WARN_INFINITE_RECURSION = YES;
				CLANG_WARN_INT_CONVERSION = YES;
				CLANG_WARN_NON_LITERAL_NULL_CONVERSION = YES;
				CLANG_WARN_OBJC_IMPLICIT_RETAIN_SELF = YES;
				CLANG_WARN_OBJC_LITERAL_CONVERSION = YES;
				CLANG_WARN_OBJC_ROOT_CLASS = YES_ERROR;
				CLANG_WARN_RANGE_LOOP_ANALYSIS = YES;
				CLANG_WARN_STRICT_PROTOTYPES = YES;
				CLANG_WARN_SUSPICIOUS_MOVE = YES;
				CLANG_WARN_UNREACHABLE_CODE = YES;
				CLANG_WARN__DUPLICATE_METHOD_MATCH = YES;
				"CODE_SIGN_IDENTITY[sdk=iphoneos*]" = "iPhone Developer";
				COPY_PHASE_STRIP = NO;
				CURRENT_PROJECT_VERSION = 1;
				DEBUG_INFORMATION_FORMAT = "dwarf-with-dsym";
				ENABLE_NS_ASSERTIONS = NO;
				ENABLE_STRICT_OBJC_MSGSEND = YES;
				GCC_C_LANGUAGE_STANDARD = gnu99;
				GCC_NO_COMMON_BLOCKS = YES;
				GCC_WARN_64_TO_32_BIT_CONVERSION = YES;
				GCC_WARN_ABOUT_RETURN_TYPE = YES_ERROR;
				GCC_WARN_UNDECLARED_SELECTOR = YES;
				GCC_WARN_UNINITIALIZED_AUTOS = YES_AGGRESSIVE;
				GCC_WARN_UNUSED_FUNCTION = YES;
				GCC_WARN_UNUSED_VARIABLE = YES;
				IPHONEOS_DEPLOYMENT_TARGET = 9.0;
				MTL_ENABLE_DEBUG_INFO = NO;
				SDKROOT = iphoneos;
				SWIFT_VERSION = 5.0;
				TARGETED_DEVICE_FAMILY = "1,2";
				VALIDATE_PRODUCT = YES;
				VERSIONING_SYSTEM = "apple-generic";
				VERSION_INFO_PREFIX = "";
			};
			name = Release;
		};
		52D6D9911BEFF229002C0205 /* Debug */ = {
			isa = XCBuildConfiguration;
			buildSettings = {
				ALWAYS_SEARCH_USER_PATHS = NO;
				APPLICATION_EXTENSION_API_ONLY = NO;
				CLANG_ALLOW_NON_MODULAR_INCLUDES_IN_FRAMEWORK_MODULES = YES;
				CLANG_ENABLE_MODULES = YES;
				CODE_SIGN_IDENTITY = "iPhone Developer";
				"CODE_SIGN_IDENTITY[sdk=iphoneos*]" = "";
				CODE_SIGN_STYLE = Manual;
				DEFINES_MODULE = YES;
				DEVELOPMENT_TEAM = "";
				DYLIB_COMPATIBILITY_VERSION = 1;
				DYLIB_CURRENT_VERSION = 1;
				DYLIB_INSTALL_NAME_BASE = "@rpath";
				HEADER_SEARCH_PATHS = "";
				INFOPLIST_FILE = Configs/Wormholy.plist;
				INSTALL_PATH = "$(LOCAL_LIBRARY_DIR)/Frameworks";
				IPHONEOS_DEPLOYMENT_TARGET = 9.0;
				LD_RUNPATH_SEARCH_PATHS = "$(inherited) @executable_path/Frameworks @loader_path/Frameworks";
				MACH_O_TYPE = mh_dylib;
				MODULEMAP_FILE = "$(SRCROOT)/Sources/module.modulemap";
				ONLY_ACTIVE_ARCH = NO;
				OTHER_CFLAGS = "";
				OTHER_LDFLAGS = "";
				PRODUCT_BUNDLE_IDENTIFIER = "com.Wormholy.Wormholy-iOS";
				PRODUCT_NAME = "$(PROJECT_NAME)";
				PROVISIONING_PROFILE_SPECIFIER = "";
				PUBLIC_HEADERS_FOLDER_PATH = "$(CONTENTS_FOLDER_PATH)/Headers";
				SKIP_INSTALL = YES;
				SWIFT_OBJC_BRIDGING_HEADER = "";
				SWIFT_OBJC_INTERFACE_HEADER_NAME = "$(PROJECT_NAME)-Swift.h";
				SWIFT_OPTIMIZATION_LEVEL = "-Onone";
				SWIFT_VERSION = 5.0;
				USER_HEADER_SEARCH_PATHS = "";
				USE_HEADERMAP = YES;
			};
			name = Debug;
		};
		52D6D9921BEFF229002C0205 /* Release */ = {
			isa = XCBuildConfiguration;
			buildSettings = {
				ALWAYS_SEARCH_USER_PATHS = NO;
				APPLICATION_EXTENSION_API_ONLY = NO;
				CLANG_ALLOW_NON_MODULAR_INCLUDES_IN_FRAMEWORK_MODULES = YES;
				CLANG_ENABLE_MODULES = YES;
				CODE_SIGN_IDENTITY = "iPhone Developer";
				"CODE_SIGN_IDENTITY[sdk=iphoneos*]" = "";
				CODE_SIGN_STYLE = Manual;
				DEFINES_MODULE = YES;
				DEVELOPMENT_TEAM = "";
				DYLIB_COMPATIBILITY_VERSION = 1;
				DYLIB_CURRENT_VERSION = 1;
				DYLIB_INSTALL_NAME_BASE = "@rpath";
				HEADER_SEARCH_PATHS = "";
				INFOPLIST_FILE = Configs/Wormholy.plist;
				INSTALL_PATH = "$(LOCAL_LIBRARY_DIR)/Frameworks";
				IPHONEOS_DEPLOYMENT_TARGET = 9.0;
				LD_RUNPATH_SEARCH_PATHS = "$(inherited) @executable_path/Frameworks @loader_path/Frameworks";
				MACH_O_TYPE = mh_dylib;
				MODULEMAP_FILE = "$(SRCROOT)/Sources/module.modulemap";
				OTHER_CFLAGS = "";
				OTHER_LDFLAGS = "";
				PRODUCT_BUNDLE_IDENTIFIER = "com.Wormholy.Wormholy-iOS";
				PRODUCT_NAME = "$(PROJECT_NAME)";
				PROVISIONING_PROFILE_SPECIFIER = "";
				PUBLIC_HEADERS_FOLDER_PATH = "$(CONTENTS_FOLDER_PATH)/Headers";
				SKIP_INSTALL = YES;
				SWIFT_OBJC_BRIDGING_HEADER = "";
				SWIFT_OBJC_INTERFACE_HEADER_NAME = "$(PROJECT_NAME)-Swift.h";
				SWIFT_OPTIMIZATION_LEVEL = "-Owholemodule";
				SWIFT_VERSION = 5.0;
				USER_HEADER_SEARCH_PATHS = "";
				USE_HEADERMAP = YES;
			};
			name = Release;
		};
		52D6D9941BEFF229002C0205 /* Debug */ = {
			isa = XCBuildConfiguration;
			buildSettings = {
				CLANG_ENABLE_MODULES = YES;
				INFOPLIST_FILE = Configs/WormholyTests.plist;
				LD_RUNPATH_SEARCH_PATHS = "$(inherited) @executable_path/Frameworks @loader_path/Frameworks";
				PRODUCT_BUNDLE_IDENTIFIER = "com.Wormholy.Wormholy-iOS-Tests";
				PRODUCT_NAME = "$(TARGET_NAME)";
				SWIFT_OPTIMIZATION_LEVEL = "-Onone";
				SWIFT_VERSION = 5.0;
			};
			name = Debug;
		};
		52D6D9951BEFF229002C0205 /* Release */ = {
			isa = XCBuildConfiguration;
			buildSettings = {
				CLANG_ENABLE_MODULES = YES;
				INFOPLIST_FILE = Configs/WormholyTests.plist;
				LD_RUNPATH_SEARCH_PATHS = "$(inherited) @executable_path/Frameworks @loader_path/Frameworks";
				PRODUCT_BUNDLE_IDENTIFIER = "com.Wormholy.Wormholy-iOS-Tests";
				PRODUCT_NAME = "$(TARGET_NAME)";
				SWIFT_OPTIMIZATION_LEVEL = "-Owholemodule";
				SWIFT_VERSION = 5.0;
			};
			name = Release;
		};
/* End XCBuildConfiguration section */

/* Begin XCConfigurationList section */
		4508719A207E5A0100EE2D31 /* Build configuration list for PBXNativeTarget "WormholyDemo" */ = {
			isa = XCConfigurationList;
			buildConfigurations = (
				45087198207E5A0100EE2D31 /* Debug */,
				45087199207E5A0100EE2D31 /* Release */,
			);
			defaultConfigurationIsVisible = 0;
			defaultConfigurationName = Release;
		};
		52D6D9761BEFF229002C0205 /* Build configuration list for PBXProject "Wormholy" */ = {
			isa = XCConfigurationList;
			buildConfigurations = (
				52D6D98E1BEFF229002C0205 /* Debug */,
				52D6D98F1BEFF229002C0205 /* Release */,
			);
			defaultConfigurationIsVisible = 0;
			defaultConfigurationName = Release;
		};
		52D6D9901BEFF229002C0205 /* Build configuration list for PBXNativeTarget "Wormholy-iOS" */ = {
			isa = XCConfigurationList;
			buildConfigurations = (
				52D6D9911BEFF229002C0205 /* Debug */,
				52D6D9921BEFF229002C0205 /* Release */,
			);
			defaultConfigurationIsVisible = 0;
			defaultConfigurationName = Release;
		};
		52D6D9931BEFF229002C0205 /* Build configuration list for PBXNativeTarget "Wormholy-iOS Tests" */ = {
			isa = XCConfigurationList;
			buildConfigurations = (
				52D6D9941BEFF229002C0205 /* Debug */,
				52D6D9951BEFF229002C0205 /* Release */,
			);
			defaultConfigurationIsVisible = 0;
			defaultConfigurationName = Release;
		};
/* End XCConfigurationList section */
	};
	rootObject = 52D6D9731BEFF229002C0205 /* Project object */;
}
